
Microsoft Visual Studio Solution File, Format Version 12.00
# Visual Studio Version 17
VisualStudioVersion = 17.14.36203.30 d17.14
MinimumVisualStudioVersion = 10.0.40219.1
Project("{FAE04EC0-301F-11D3-BF4B-00C04F79EFBC}") = "ex.2", "ex.2\ex.2.csproj", "{8C7FCEF0-D8AB-46E4-95AC-6B3449BB5A01}"
EndProject
Global
	GlobalSection(SolutionConfigurationPlatforms) = preSolution
		Debug|Any CPU = Debug|Any CPU
		Release|Any CPU = Release|Any CPU
	EndGlobalSection
	GlobalSection(ProjectConfigurationPlatforms) = postSolution
		{8C7FCEF0-D8AB-46E4-95AC-6B3449BB5A01}.Debug|Any CPU.ActiveCfg = Debug|Any CPU
		{8C7FCEF0-D8AB-46E4-95AC-6B3449BB5A01}.Debug|Any CPU.Build.0 = Debug|Any CPU
		{8C7FCEF0-D8AB-46E4-95AC-6B3449BB5A01}.Release|Any CPU.ActiveCfg = Release|Any CPU
		{8C7FCEF0-D8AB-46E4-95AC-6B3449BB5A01}.Release|Any CPU.Build.0 = Release|Any CPU
	EndGlobalSection
	GlobalSection(SolutionProperties) = preSolution
		HideSolutionNode = FALSE
	EndGlobalSection
	GlobalSection(ExtensibilityGlobals) = postSolution
		SolutionGuid = {DE8E4B06-7D5B-44CC-ACCA-B24461DEF0B0}
	EndGlobalSection
EndGlobal
