
Microsoft Visual Studio Solution File, Format Version 12.00
# Visual Studio Version 17
VisualStudioVersion = 17.14.36203.30 d17.14
MinimumVisualStudioVersion = 10.0.40219.1
Project("{FAE04EC0-301F-11D3-BF4B-00C04F79EFBC}") = "idades", "idades\idades.csproj", "{B658B810-0334-419E-B2E0-64F07151D6DB}"
EndProject
Global
	GlobalSection(SolutionConfigurationPlatforms) = preSolution
		Debug|Any CPU = Debug|Any CPU
		Release|Any CPU = Release|Any CPU
	EndGlobalSection
	GlobalSection(ProjectConfigurationPlatforms) = postSolution
		{B658B810-0334-419E-B2E0-64F07151D6DB}.Debug|Any CPU.ActiveCfg = Debug|Any CPU
		{B658B810-0334-419E-B2E0-64F07151D6DB}.Debug|Any CPU.Build.0 = Debug|Any CPU
		{B658B810-0334-419E-B2E0-64F07151D6DB}.Release|Any CPU.ActiveCfg = Release|Any CPU
		{B658B810-0334-419E-B2E0-64F07151D6DB}.Release|Any CPU.Build.0 = Release|Any CPU
	EndGlobalSection
	GlobalSection(SolutionProperties) = preSolution
		HideSolutionNode = FALSE
	EndGlobalSection
	GlobalSection(ExtensibilityGlobals) = postSolution
		SolutionGuid = {F4F1F9D9-E8F7-4447-89BA-4695A380B23C}
	EndGlobalSection
EndGlobal
